Microsoft Visual Studio Solution File, Format Version 12.00
# Visual Studio Version 17
VisualStudioVersion = 17.11.35327.3
MinimumVisualStudioVersion = 10.0.40219.1
Project("{9A19103F-16F7-4668-BE54-9A1E7A4F7556}") = "TECNM.Residencias", "TECNM.Residencias\TECNM.Residencias.csproj", "{73EA8842-9844-4A83-88A0-08388D6D30D3}"
EndProject
Project("{FAE04EC0-301F-11D3-BF4B-00C04F79EFBC}") = "TECNM.Residencias.Data", "TECNM.Residencias.Data\TECNM.Residencias.Data.csproj", "{CD1C3AE5-5464-4F33-AAA4-4F6EEAEED12C}"
EndProject
Project("{FAE04EC0-301F-11D3-BF4B-00C04F79EFBC}") = "TECNM.Residencias.Data.Migrations", "TECNM.Residencias.Data.Migrations\TECNM.Residencias.Data.Migrations.csproj", "{DA5A0C26-2548-4B6C-8A56-5D1AE462946C}"
EndProject
Global
	GlobalSection(SolutionConfigurationPlatforms) = preSolution
		Debug|Any CPU = Debug|Any CPU
		Release|Any CPU = Release|Any CPU
	EndGlobalSection
	GlobalSection(ProjectConfigurationPlatforms) = postSolution
		{73EA8842-9844-4A83-88A0-08388D6D30D3}.Debug|Any CPU.ActiveCfg = Debug|Any CPU
		{73EA8842-9844-4A83-88A0-08388D6D30D3}.Debug|Any CPU.Build.0 = Debug|Any CPU
		{73EA8842-9844-4A83-88A0-08388D6D30D3}.Release|Any CPU.ActiveCfg = Release|Any CPU
		{73EA8842-9844-4A83-88A0-08388D6D30D3}.Release|Any CPU.Build.0 = Release|Any CPU
		{CD1C3AE5-5464-4F33-AAA4-4F6EEAEED12C}.Debug|Any CPU.ActiveCfg = Debug|Any CPU
		{CD1C3AE5-5464-4F33-AAA4-4F6EEAEED12C}.Debug|Any CPU.Build.0 = Debug|Any CPU
		{CD1C3AE5-5464-4F33-AAA4-4F6EEAEED12C}.Release|Any CPU.ActiveCfg = Release|Any CPU
		{CD1C3AE5-5464-4F33-AAA4-4F6EEAEED12C}.Release|Any CPU.Build.0 = Release|Any CPU
		{DA5A0C26-2548-4B6C-8A56-5D1AE462946C}.Debug|Any CPU.ActiveCfg = Debug|Any CPU
		{DA5A0C26-2548-4B6C-8A56-5D1AE462946C}.Debug|Any CPU.Build.0 = Debug|Any CPU
		{DA5A0C26-2548-4B6C-8A56-5D1AE462946C}.Release|Any CPU.ActiveCfg = Release|Any CPU
		{DA5A0C26-2548-4B6C-8A56-5D1AE462946C}.Release|Any CPU.Build.0 = Release|Any CPU
	EndGlobalSection
	GlobalSection(SolutionProperties) = preSolution
		HideSolutionNode = FALSE
	EndGlobalSection
	GlobalSection(ExtensibilityGlobals) = postSolution
		SolutionGuid = {46A17F6A-65C1-48EE-953E-DF4269058798}
	EndGlobalSection
EndGlobal
